
Microsoft Visual Studio Solution File, Format Version 12.00
# Visual Studio Version 17
VisualStudioVersion = 17.5.33424.131
MinimumVisualStudioVersion = 10.0.40219.1
Project("{FAE04EC0-301F-11D3-BF4B-00C04F79EFBC}") = "EventHandlerProject1", "EventHandlerProject1\EventHandlerProject1.csproj", "{AF7AF82B-9ADA-4986-A8AD-3F435124D68E}"
EndProject
Global
	GlobalSection(SolutionConfigurationPlatforms) = preSolution
		Debug|Any CPU = Debug|Any CPU
		Release|Any CPU = Release|Any CPU
	EndGlobalSection
	GlobalSection(ProjectConfigurationPlatforms) = postSolution
		{AF7AF82B-9ADA-4986-A8AD-3F435124D68E}.Debug|Any CPU.ActiveCfg = Debug|Any CPU
		{AF7AF82B-9ADA-4986-A8AD-3F435124D68E}.Debug|Any CPU.Build.0 = Debug|Any CPU
		{AF7AF82B-9ADA-4986-A8AD-3F435124D68E}.Release|Any CPU.ActiveCfg = Release|Any CPU
		{AF7AF82B-9ADA-4986-A8AD-3F435124D68E}.Release|Any CPU.Build.0 = Release|Any CPU
	EndGlobalSection
	GlobalSection(SolutionProperties) = preSolution
		HideSolutionNode = FALSE
	EndGlobalSection
	GlobalSection(ExtensibilityGlobals) = postSolution
		SolutionGuid = {97B7230C-02D6-4BC1-BB32-A9DB07D76765}
	EndGlobalSection
EndGlobal
